
Microsoft Visual Studio Solution File, Format Version 12.00
# Visual Studio Version 17
VisualStudioVersion = 17.7.34003.232
MinimumVisualStudioVersion = 10.0.40219.1
Project("{2150E333-8FDC-42A3-9474-1A3956D46DE8}") = "SharedKernal", "SharedKernal", "{6F5CD441-BABF-4395-8079-A07668F16B14}"
EndProject
Project("{2150E333-8FDC-42A3-9474-1A3956D46DE8}") = "Notifications.Systems", "Notifications.Systems", "{3E9DEF2B-CADA-4954-AB74-C29A30BA2369}"
EndProject
Project("{9A19103F-16F7-4668-BE54-9A1E7A4F7556}") = "PushTasks", "PushTasks\PushTasks.csproj", "{945D7CC1-D66E-47BA-A06C-B5D63B85189F}"
EndProject
Project("{9A19103F-16F7-4668-BE54-9A1E7A4F7556}") = "IST.Models.Shared", "IST.Models.Shared\IST.Models.Shared.csproj", "{615AE36E-7293-4A72-8EB4-61557EA65973}"
EndProject
Project("{2150E333-8FDC-42A3-9474-1A3956D46DE8}") = "UsersManagment.Services", "UsersManagment.Services", "{87708E3A-0F4A-44A6-8783-C1A2757D76AE}"
EndProject
Project("{2150E333-8FDC-42A3-9474-1A3956D46DE8}") = "UserManagments.Core", "UserManagments.Core", "{08F04B6D-6665-47B9-B647-46012515882E}"
EndProject
Project("{2150E333-8FDC-42A3-9474-1A3956D46DE8}") = "UserManagment.Bussiness", "UserManagment.Bussiness", "{E77E81B0-F68A-4261-807A-4BDBAC22AB06}"
EndProject
Project("{2150E333-8FDC-42A3-9474-1A3956D46DE8}") = "UserManagment.Presentation", "UserManagment.Presentation", "{95689464-3A43-47E7-85C8-EA8AFBE3D123}"
EndProject
Project("{9A19103F-16F7-4668-BE54-9A1E7A4F7556}") = "UserManagment.API", "UserManagment.API\UserManagment.API.csproj", "{8C1122A3-E020-4DFC-8EA9-9F047786788F}"
EndProject
Project("{9A19103F-16F7-4668-BE54-9A1E7A4F7556}") = "IST.Entities.Core", "IST.Entities.Core\IST.Entities.Core.csproj", "{96FFB2B1-E1CA-4947-A481-38F120E29818}"
EndProject
Project("{9A19103F-16F7-4668-BE54-9A1E7A4F7556}") = "IST.SQLContext", "IST.SQLContext\IST.SQLContext.csproj", "{FD19B6EB-9F83-470B-B79A-FEAACD320BDE}"
EndProject
Project("{9A19103F-16F7-4668-BE54-9A1E7A4F7556}") = "IST.Models.DTO", "IST.Models.DTO\IST.Models.DTO.csproj", "{CCFE4527-9DB9-4622-BE5C-5F333FC505A0}"
EndProject
Project("{9A19103F-16F7-4668-BE54-9A1E7A4F7556}") = "UserManagment.Bussiness.Core", "UserManagment.Bussiness.Core\UserManagment.Bussiness.Core.csproj", "{7E2EFCC7-F37A-4421-8373-BAF57FE6BB7F}"
EndProject
Project("{9A19103F-16F7-4668-BE54-9A1E7A4F7556}") = "UserManagment.Bussiness", "UserManagment.Bussiness\UserManagment.Bussiness.csproj", "{4945BDAA-1601-4776-9E73-E0F380940C20}"
EndProject
Project("{2150E333-8FDC-42A3-9474-1A3956D46DE8}") = "UserManagment.Helpers", "UserManagment.Helpers", "{0B875B62-4B0A-4123-ADAA-3476706676EB}"
EndProject
Project("{9A19103F-16F7-4668-BE54-9A1E7A4F7556}") = "UserManagment.Builder", "UserManagment.Builder\UserManagment.Builder.csproj", "{1957C8F7-5E01-4CE0-BA22-6BF93D92D484}"
EndProject
Project("{9A19103F-16F7-4668-BE54-9A1E7A4F7556}") = "HttpServices.Helper", "HttpServices.Helper\HttpServices.Helper.csproj", "{EC245BCD-8A24-4ED1-94A3-C1C40B3F009D}"
EndProject
Project("{FAE04EC0-301F-11D3-BF4B-00C04F79EFBC}") = "UserManagment.web", "UserManagment.web\UserManagment.web.csproj", "{B633E1D2-039C-4AF6-AADB-236991D86F05}"
EndProject
Global
	GlobalSection(SolutionConfigurationPlatforms) = preSolution
		Debug|Any CPU = Debug|Any CPU
		Release|Any CPU = Release|Any CPU
	EndGlobalSection
	GlobalSection(ProjectConfigurationPlatforms) = postSolution
		{945D7CC1-D66E-47BA-A06C-B5D63B85189F}.Debug|Any CPU.ActiveCfg = Debug|Any CPU
		{945D7CC1-D66E-47BA-A06C-B5D63B85189F}.Debug|Any CPU.Build.0 = Debug|Any CPU
		{945D7CC1-D66E-47BA-A06C-B5D63B85189F}.Release|Any CPU.ActiveCfg = Release|Any CPU
		{945D7CC1-D66E-47BA-A06C-B5D63B85189F}.Release|Any CPU.Build.0 = Release|Any CPU
		{615AE36E-7293-4A72-8EB4-61557EA65973}.Debug|Any CPU.ActiveCfg = Debug|Any CPU
		{615AE36E-7293-4A72-8EB4-61557EA65973}.Debug|Any CPU.Build.0 = Debug|Any CPU
		{615AE36E-7293-4A72-8EB4-61557EA65973}.Release|Any CPU.ActiveCfg = Release|Any CPU
		{615AE36E-7293-4A72-8EB4-61557EA65973}.Release|Any CPU.Build.0 = Release|Any CPU
		{8C1122A3-E020-4DFC-8EA9-9F047786788F}.Debug|Any CPU.ActiveCfg = Debug|Any CPU
		{8C1122A3-E020-4DFC-8EA9-9F047786788F}.Debug|Any CPU.Build.0 = Debug|Any CPU
		{8C1122A3-E020-4DFC-8EA9-9F047786788F}.Release|Any CPU.ActiveCfg = Release|Any CPU
		{8C1122A3-E020-4DFC-8EA9-9F047786788F}.Release|Any CPU.Build.0 = Release|Any CPU
		{96FFB2B1-E1CA-4947-A481-38F120E29818}.Debug|Any CPU.ActiveCfg = Debug|Any CPU
		{96FFB2B1-E1CA-4947-A481-38F120E29818}.Debug|Any CPU.Build.0 = Debug|Any CPU
		{96FFB2B1-E1CA-4947-A481-38F120E29818}.Release|Any CPU.ActiveCfg = Release|Any CPU
		{96FFB2B1-E1CA-4947-A481-38F120E29818}.Release|Any CPU.Build.0 = Release|Any CPU
		{FD19B6EB-9F83-470B-B79A-FEAACD320BDE}.Debug|Any CPU.ActiveCfg = Debug|Any CPU
		{FD19B6EB-9F83-470B-B79A-FEAACD320BDE}.Debug|Any CPU.Build.0 = Debug|Any CPU
		{FD19B6EB-9F83-470B-B79A-FEAACD320BDE}.Release|Any CPU.ActiveCfg = Release|Any CPU
		{FD19B6EB-9F83-470B-B79A-FEAACD320BDE}.Release|Any CPU.Build.0 = Release|Any CPU
		{CCFE4527-9DB9-4622-BE5C-5F333FC505A0}.Debug|Any CPU.ActiveCfg = Debug|Any CPU
		{CCFE4527-9DB9-4622-BE5C-5F333FC505A0}.Debug|Any CPU.Build.0 = Debug|Any CPU
		{CCFE4527-9DB9-4622-BE5C-5F333FC505A0}.Release|Any CPU.ActiveCfg = Release|Any CPU
		{CCFE4527-9DB9-4622-BE5C-5F333FC505A0}.Release|Any CPU.Build.0 = Release|Any CPU
		{7E2EFCC7-F37A-4421-8373-BAF57FE6BB7F}.Debug|Any CPU.ActiveCfg = Debug|Any CPU
		{7E2EFCC7-F37A-4421-8373-BAF57FE6BB7F}.Debug|Any CPU.Build.0 = Debug|Any CPU
		{7E2EFCC7-F37A-4421-8373-BAF57FE6BB7F}.Release|Any CPU.ActiveCfg = Release|Any CPU
		{7E2EFCC7-F37A-4421-8373-BAF57FE6BB7F}.Release|Any CPU.Build.0 = Release|Any CPU
		{4945BDAA-1601-4776-9E73-E0F380940C20}.Debug|Any CPU.ActiveCfg = Debug|Any CPU
		{4945BDAA-1601-4776-9E73-E0F380940C20}.Debug|Any CPU.Build.0 = Debug|Any CPU
		{4945BDAA-1601-4776-9E73-E0F380940C20}.Release|Any CPU.ActiveCfg = Release|Any CPU
		{4945BDAA-1601-4776-9E73-E0F380940C20}.Release|Any CPU.Build.0 = Release|Any CPU
		{1957C8F7-5E01-4CE0-BA22-6BF93D92D484}.Debug|Any CPU.ActiveCfg = Debug|Any CPU
		{1957C8F7-5E01-4CE0-BA22-6BF93D92D484}.Debug|Any CPU.Build.0 = Debug|Any CPU
		{1957C8F7-5E01-4CE0-BA22-6BF93D92D484}.Release|Any CPU.ActiveCfg = Release|Any CPU
		{1957C8F7-5E01-4CE0-BA22-6BF93D92D484}.Release|Any CPU.Build.0 = Release|Any CPU
		{EC245BCD-8A24-4ED1-94A3-C1C40B3F009D}.Debug|Any CPU.ActiveCfg = Debug|Any CPU
		{EC245BCD-8A24-4ED1-94A3-C1C40B3F009D}.Debug|Any CPU.Build.0 = Debug|Any CPU
		{EC245BCD-8A24-4ED1-94A3-C1C40B3F009D}.Release|Any CPU.ActiveCfg = Release|Any CPU
		{EC245BCD-8A24-4ED1-94A3-C1C40B3F009D}.Release|Any CPU.Build.0 = Release|Any CPU
		{B633E1D2-039C-4AF6-AADB-236991D86F05}.Debug|Any CPU.ActiveCfg = Debug|Any CPU
		{B633E1D2-039C-4AF6-AADB-236991D86F05}.Debug|Any CPU.Build.0 = Debug|Any CPU
		{B633E1D2-039C-4AF6-AADB-236991D86F05}.Release|Any CPU.ActiveCfg = Release|Any CPU
		{B633E1D2-039C-4AF6-AADB-236991D86F05}.Release|Any CPU.Build.0 = Release|Any CPU
	EndGlobalSection
	GlobalSection(SolutionProperties) = preSolution
		HideSolutionNode = FALSE
	EndGlobalSection
	GlobalSection(NestedProjects) = preSolution
		{945D7CC1-D66E-47BA-A06C-B5D63B85189F} = {3E9DEF2B-CADA-4954-AB74-C29A30BA2369}
		{615AE36E-7293-4A72-8EB4-61557EA65973} = {6F5CD441-BABF-4395-8079-A07668F16B14}
		{08F04B6D-6665-47B9-B647-46012515882E} = {87708E3A-0F4A-44A6-8783-C1A2757D76AE}
		{E77E81B0-F68A-4261-807A-4BDBAC22AB06} = {87708E3A-0F4A-44A6-8783-C1A2757D76AE}
		{95689464-3A43-47E7-85C8-EA8AFBE3D123} = {87708E3A-0F4A-44A6-8783-C1A2757D76AE}
		{8C1122A3-E020-4DFC-8EA9-9F047786788F} = {95689464-3A43-47E7-85C8-EA8AFBE3D123}
		{96FFB2B1-E1CA-4947-A481-38F120E29818} = {08F04B6D-6665-47B9-B647-46012515882E}
		{FD19B6EB-9F83-470B-B79A-FEAACD320BDE} = {08F04B6D-6665-47B9-B647-46012515882E}
		{CCFE4527-9DB9-4622-BE5C-5F333FC505A0} = {08F04B6D-6665-47B9-B647-46012515882E}
		{7E2EFCC7-F37A-4421-8373-BAF57FE6BB7F} = {08F04B6D-6665-47B9-B647-46012515882E}
		{4945BDAA-1601-4776-9E73-E0F380940C20} = {E77E81B0-F68A-4261-807A-4BDBAC22AB06}
		{0B875B62-4B0A-4123-ADAA-3476706676EB} = {87708E3A-0F4A-44A6-8783-C1A2757D76AE}
		{1957C8F7-5E01-4CE0-BA22-6BF93D92D484} = {0B875B62-4B0A-4123-ADAA-3476706676EB}
		{EC245BCD-8A24-4ED1-94A3-C1C40B3F009D} = {6F5CD441-BABF-4395-8079-A07668F16B14}
		{B633E1D2-039C-4AF6-AADB-236991D86F05} = {95689464-3A43-47E7-85C8-EA8AFBE3D123}
	EndGlobalSection
	GlobalSection(ExtensibilityGlobals) = postSolution
		SolutionGuid = {127E80FF-B63C-41EA-B210-093F64169AE8}
	EndGlobalSection
EndGlobal
